
Microsoft Visual Studio Solution File, Format Version 12.00
# Visual Studio Version 17
VisualStudioVersion = 17.0.31903.59
MinimumVisualStudioVersion = 10.0.40219.1
Project("{2150E333-8FDC-42A3-9474-1A3956D46DE8}") = "src", "src", "{827E0CD3-B72D-47B6-A68D-7590B98EB39B}"
EndProject
Project("{FAE04EC0-301F-11D3-BF4B-00C04F79EFBC}") = "alertblurty.Data", "src\alertblurty.Data\alertblurty.Data.csproj", "{AAA925B1-FDC2-4A91-91C5-DCB34B9C0E21}"
EndProject
Project("{FAE04EC0-301F-11D3-BF4B-00C04F79EFBC}") = "alertblurty.Models", "src\alertblurty.Models\alertblurty.Models.csproj", "{9FB9CF2C-4740-48FF-92D5-5AD500D51A78}"
EndProject
Project("{FAE04EC0-301F-11D3-BF4B-00C04F79EFBC}") = "alertblurty.Api", "src\alertblurty.Api\alertblurty.Api.csproj", "{4B9548EB-FD8B-4223-8296-A1645BD4DC00}"
EndProject
Project("{2150E333-8FDC-42A3-9474-1A3956D46DE8}") = "tests", "tests", "{0AB3BF05-4346-4AA6-1389-037BE0695223}"
EndProject
Project("{FAE04EC0-301F-11D3-BF4B-00C04F79EFBC}") = "alertblurty.Tests", "tests\alertblurty.Tests\alertblurty.Tests.csproj", "{4CA22EAE-D572-4816-B338-FC723EE4A78A}"
EndProject
Global
	GlobalSection(SolutionConfigurationPlatforms) = preSolution
		Debug|Any CPU = Debug|Any CPU
		Debug|x64 = Debug|x64
		Debug|x86 = Debug|x86
		Release|Any CPU = Release|Any CPU
		Release|x64 = Release|x64
		Release|x86 = Release|x86
	EndGlobalSection
	GlobalSection(ProjectConfigurationPlatforms) = postSolution
		{AAA925B1-FDC2-4A91-91C5-DCB34B9C0E21}.Debug|Any CPU.ActiveCfg = Debug|Any CPU
		{AAA925B1-FDC2-4A91-91C5-DCB34B9C0E21}.Debug|Any CPU.Build.0 = Debug|Any CPU
		{AAA925B1-FDC2-4A91-91C5-DCB34B9C0E21}.Debug|x64.ActiveCfg = Debug|Any CPU
		{AAA925B1-FDC2-4A91-91C5-DCB34B9C0E21}.Debug|x64.Build.0 = Debug|Any CPU
		{AAA925B1-FDC2-4A91-91C5-DCB34B9C0E21}.Debug|x86.ActiveCfg = Debug|Any CPU
		{AAA925B1-FDC2-4A91-91C5-DCB34B9C0E21}.Debug|x86.Build.0 = Debug|Any CPU
		{AAA925B1-FDC2-4A91-91C5-DCB34B9C0E21}.Release|Any CPU.ActiveCfg = Release|Any CPU
		{AAA925B1-FDC2-4A91-91C5-DCB34B9C0E21}.Release|Any CPU.Build.0 = Release|Any CPU
		{AAA925B1-FDC2-4A91-91C5-DCB34B9C0E21}.Release|x64.ActiveCfg = Release|Any CPU
		{AAA925B1-FDC2-4A91-91C5-DCB34B9C0E21}.Release|x64.Build.0 = Release|Any CPU
		{AAA925B1-FDC2-4A91-91C5-DCB34B9C0E21}.Release|x86.ActiveCfg = Release|Any CPU
		{AAA925B1-FDC2-4A91-91C5-DCB34B9C0E21}.Release|x86.Build.0 = Release|Any CPU
		{9FB9CF2C-4740-48FF-92D5-5AD500D51A78}.Debug|Any CPU.ActiveCfg = Debug|Any CPU
		{9FB9CF2C-4740-48FF-92D5-5AD500D51A78}.Debug|Any CPU.Build.0 = Debug|Any CPU
		{9FB9CF2C-4740-48FF-92D5-5AD500D51A78}.Debug|x64.ActiveCfg = Debug|Any CPU
		{9FB9CF2C-4740-48FF-92D5-5AD500D51A78}.Debug|x64.Build.0 = Debug|Any CPU
		{9FB9CF2C-4740-48FF-92D5-5AD500D51A78}.Debug|x86.ActiveCfg = Debug|Any CPU
		{9FB9CF2C-4740-48FF-92D5-5AD500D51A78}.Debug|x86.Build.0 = Debug|Any CPU
		{9FB9CF2C-4740-48FF-92D5-5AD500D51A78}.Release|Any CPU.ActiveCfg = Release|Any CPU
		{9FB9CF2C-4740-48FF-92D5-5AD500D51A78}.Release|Any CPU.Build.0 = Release|Any CPU
		{9FB9CF2C-4740-48FF-92D5-5AD500D51A78}.Release|x64.ActiveCfg = Release|Any CPU
		{9FB9CF2C-4740-48FF-92D5-5AD500D51A78}.Release|x64.Build.0 = Release|Any CPU
		{9FB9CF2C-4740-48FF-92D5-5AD500D51A78}.Release|x86.ActiveCfg = Release|Any CPU
		{9FB9CF2C-4740-48FF-92D5-5AD500D51A78}.Release|x86.Build.0 = Release|Any CPU
		{4B9548EB-FD8B-4223-8296-A1645BD4DC00}.Debug|Any CPU.ActiveCfg = Debug|Any CPU
		{4B9548EB-FD8B-4223-8296-A1645BD4DC00}.Debug|Any CPU.Build.0 = Debug|Any CPU
		{4B9548EB-FD8B-4223-8296-A1645BD4DC00}.Debug|x64.ActiveCfg = Debug|Any CPU
		{4B9548EB-FD8B-4223-8296-A1645BD4DC00}.Debug|x64.Build.0 = Debug|Any CPU
		{4B9548EB-FD8B-4223-8296-A1645BD4DC00}.Debug|x86.ActiveCfg = Debug|Any CPU
		{4B9548EB-FD8B-4223-8296-A1645BD4DC00}.Debug|x86.Build.0 = Debug|Any CPU
		{4B9548EB-FD8B-4223-8296-A1645BD4DC00}.Release|Any CPU.ActiveCfg = Release|Any CPU
		{4B9548EB-FD8B-4223-8296-A1645BD4DC00}.Release|Any CPU.Build.0 = Release|Any CPU
		{4B9548EB-FD8B-4223-8296-A1645BD4DC00}.Release|x64.ActiveCfg = Release|Any CPU
		{4B9548EB-FD8B-4223-8296-A1645BD4DC00}.Release|x64.Build.0 = Release|Any CPU
		{4B9548EB-FD8B-4223-8296-A1645BD4DC00}.Release|x86.ActiveCfg = Release|Any CPU
		{4B9548EB-FD8B-4223-8296-A1645BD4DC00}.Release|x86.Build.0 = Release|Any CPU
		{4CA22EAE-D572-4816-B338-FC723EE4A78A}.Debug|Any CPU.ActiveCfg = Debug|Any CPU
		{4CA22EAE-D572-4816-B338-FC723EE4A78A}.Debug|Any CPU.Build.0 = Debug|Any CPU
		{4CA22EAE-D572-4816-B338-FC723EE4A78A}.Debug|x64.ActiveCfg = Debug|Any CPU
		{4CA22EAE-D572-4816-B338-FC723EE4A78A}.Debug|x64.Build.0 = Debug|Any CPU
		{4CA22EAE-D572-4816-B338-FC723EE4A78A}.Debug|x86.ActiveCfg = Debug|Any CPU
		{4CA22EAE-D572-4816-B338-FC723EE4A78A}.Debug|x86.Build.0 = Debug|Any CPU
		{4CA22EAE-D572-4816-B338-FC723EE4A78A}.Release|Any CPU.ActiveCfg = Release|Any CPU
		{4CA22EAE-D572-4816-B338-FC723EE4A78A}.Release|Any CPU.Build.0 = Release|Any CPU
		{4CA22EAE-D572-4816-B338-FC723EE4A78A}.Release|x64.ActiveCfg = Release|Any CPU
		{4CA22EAE-D572-4816-B338-FC723EE4A78A}.Release|x64.Build.0 = Release|Any CPU
		{4CA22EAE-D572-4816-B338-FC723EE4A78A}.Release|x86.ActiveCfg = Release|Any CPU
		{4CA22EAE-D572-4816-B338-FC723EE4A78A}.Release|x86.Build.0 = Release|Any CPU
	EndGlobalSection
	GlobalSection(SolutionProperties) = preSolution
		HideSolutionNode = FALSE
	EndGlobalSection
	GlobalSection(NestedProjects) = preSolution
		{AAA925B1-FDC2-4A91-91C5-DCB34B9C0E21} = {827E0CD3-B72D-47B6-A68D-7590B98EB39B}
		{9FB9CF2C-4740-48FF-92D5-5AD500D51A78} = {827E0CD3-B72D-47B6-A68D-7590B98EB39B}
		{4B9548EB-FD8B-4223-8296-A1645BD4DC00} = {827E0CD3-B72D-47B6-A68D-7590B98EB39B}
		{4CA22EAE-D572-4816-B338-FC723EE4A78A} = {0AB3BF05-4346-4AA6-1389-037BE0695223}
	EndGlobalSection
EndGlobal
